
Microsoft Visual Studio Solution File, Format Version 12.00
# Blend for Visual Studio 14
VisualStudioVersion = 14.0.24720.0
MinimumVisualStudioVersion = 10.0.40219.1
Project("{FAE04EC0-301F-11D3-BF4B-00C04F79EFBC}") = "SmartCity", "SmartCity\SmartCity.csproj", "{9E27D8FB-0365-4800-8A62-7A28CC6B8CAC}"
EndProject
Global
	GlobalSection(SolutionConfigurationPlatforms) = preSolution
		Debug|Any CPU = Debug|Any CPU
		Release|Any CPU = Release|Any CPU
	EndGlobalSection
	GlobalSection(ProjectConfigurationPlatforms) = postSolution
		{9E27D8FB-0365-4800-8A62-7A28CC6B8CAC}.Debug|Any CPU.ActiveCfg = Debug|Any CPU
		{9E27D8FB-0365-4800-8A62-7A28CC6B8CAC}.Debug|Any CPU.Build.0 = Debug|Any CPU
		{9E27D8FB-0365-4800-8A62-7A28CC6B8CAC}.Release|Any CPU.ActiveCfg = Release|Any CPU
		{9E27D8FB-0365-4800-8A62-7A28CC6B8CAC}.Release|Any CPU.Build.0 = Release|Any CPU
	EndGlobalSection
	GlobalSection(SolutionProperties) = preSolution
		HideSolutionNode = FALSE
	EndGlobalSection
EndGlobal
